{
    "version": 3,
    "terraform_version": "0.7.7",
    "serial": 7,
    "lineage": "5a610c40-fbd4-45f7-ada3-9db0fcc44148",
    "modules": [
        {
            "path": [
                "root"
            ],
            "outputs": {},
            "resources": {
                "google_compute_firewall.default": {
                    "type": "google_compute_firewall",
                    "depends_on": [],
                    "primary": {
                        "id": "mesos-default-firewall",
                        "attributes": {
                            "allow.#": "1",
                            "allow.272637744.ports.#": "1",
                            "allow.272637744.ports.0": "80",
                            "allow.272637744.protocol": "tcp",
                            "description": "",
                            "id": "mesos-default-firewall",
                            "name": "mesos-default-firewall",
                            "network": "default",
                            "project": "infect-testing",
                            "self_link": "https://www.googleapis.com/compute/v1/projects/infect-testing/global/firewalls/mesos-default-firewall",
                            "source_ranges.#": "1",
                            "source_ranges.1080289494": "0.0.0.0/0",
                            "source_tags.#": "0",
                            "target_tags.#": "0"
                        },
                        "meta": {
                            "schema_version": "1"
                        },
                        "tainted": false
                    },
                    "deposed": [],
                    "provider": ""
                },
                "google_compute_forwarding_rule.default": {
                    "type": "google_compute_forwarding_rule",
                    "depends_on": [
                        "google_compute_target_pool.default"
                    ],
                    "primary": {
                        "id": "mesos-forwarding-rule",
                        "attributes": {
                            "description": "",
                            "id": "mesos-forwarding-rule",
                            "ip_address": "104.155.99.27",
                            "ip_protocol": "TCP",
                            "name": "mesos-forwarding-rule",
                            "port_range": "80-80",
                            "project": "infect-testing",
                            "region": "europe-west1",
                            "self_link": "https://www.googleapis.com/compute/v1/projects/infect-testing/regions/europe-west1/forwardingRules/mesos-forwarding-rule",
                            "target": "https://www.googleapis.com/compute/v1/projects/infect-testing/regions/europe-west1/targetPools/mesos-target-pool"
                        },
                        "meta": {},
                        "tainted": false
                    },
                    "deposed": [],
                    "provider": ""
                },
                "google_compute_http_health_check.default": {
                    "type": "google_compute_http_health_check",
                    "depends_on": [],
                    "primary": {
                        "id": "mm-ms-basic-health-check",
                        "attributes": {
                            "check_interval_sec": "1",
                            "description": "",
                            "healthy_threshold": "1",
                            "host": "",
                            "id": "mm-ms-basic-health-check",
                            "name": "mm-ms-basic-health-check",
                            "port": "80",
                            "project": "infect-testing",
                            "request_path": "/",
                            "self_link": "https://www.googleapis.com/compute/v1/projects/infect-testing/global/httpHealthChecks/mm-ms-basic-health-check",
                            "timeout_sec": "1",
                            "unhealthy_threshold": "10"
                        },
                        "meta": {},
                        "tainted": false
                    },
                    "deposed": [],
                    "provider": ""
                },
                "google_compute_instance.default.0": {
                    "type": "google_compute_instance",
                    "depends_on": [],
                    "primary": {
                        "id": "mm-test-1",
                        "attributes": {
                            "can_ip_forward": "false",
                            "disk.#": "1",
                            "disk.0.auto_delete": "true",
                            "disk.0.device_name": "",
                            "disk.0.disk": "",
                            "disk.0.image": "ubuntu-1604-xenial-v20161020",
                            "disk.0.scratch": "false",
                            "disk.0.size": "50",
                            "disk.0.type": "pd-standard",
                            "id": "mm-test-1",
                            "machine_type": "n1-standard-8",
                            "metadata.%": "1",
                            "metadata.ssh_keys": "ssh-rsa AAAAB3NzaC1yc2EAAAADAQABAAABAQDNnDgVwmJFdIB+ymusr7bvPNEam99CGFxJ7z4ndT54HpV+gpacJA+sfvcKRww8Qe3MY4IsNQNx6bcwO10Wm4oletviiZb5BZGqR9uUmbtarXdlmH81me9QFl2qkW5I2z1QKSXZU2kJbaQrtbz/nnnNVtM0jGbFKkbpZZrvIgqVLghr8V8SHdHB5A4lacz6MbIrHnvH1rRnw0nO0vbwKvCrxIMGNx+GaYLnUcBXiZsJTa3xcrlwmHA7MNbCgdLa7V0I9mul+VKoIcDNUTAmSE34en1h/XEKJViTdBVPdyxI9xVCjtDCOdsrTSlBkQESnRfdMFVCxvChaPsv1SFHL3ST maxweaver@MacBook-Pro.local\n",
                            "metadata_fingerprint": "U_SVxoEOyNA=",
                            "name": "mm-test-1",
                            "network.#": "0",
                            "network_interface.#": "1",
                            "network_interface.0.access_config.#": "1",
                            "network_interface.0.access_config.0.assigned_nat_ip": "104.199.30.244",
                            "network_interface.0.access_config.0.nat_ip": "",
                            "network_interface.0.address": "10.240.0.4",
                            "network_interface.0.name": "nic0",
                            "network_interface.0.network": "default",
                            "network_interface.0.subnetwork": "",
                            "self_link": "https://www.googleapis.com/compute/v1/projects/infect-testing/zones/europe-west1-c/instances/mm-test-1",
                            "service_account.#": "0",
                            "tags.#": "2",
                            "tags.1651584327": "mesos-master",
                            "tags.2726894320": "mm",
                            "tags_fingerprint": "AkwA-2Xgs1A=",
                            "zone": "europe-west1-c"
                        },
                        "meta": {
                            "schema_version": "2"
                        },
                        "tainted": false
                    },
                    "deposed": [],
                    "provider": ""
                },
                "google_compute_instance.default.1": {
                    "type": "google_compute_instance",
                    "depends_on": [],
                    "primary": {
                        "id": "mm-test-2",
                        "attributes": {
                            "can_ip_forward": "false",
                            "disk.#": "1",
                            "disk.0.auto_delete": "true",
                            "disk.0.device_name": "",
                            "disk.0.disk": "",
                            "disk.0.image": "ubuntu-1604-xenial-v20161020",
                            "disk.0.scratch": "false",
                            "disk.0.size": "50",
                            "disk.0.type": "pd-standard",
                            "id": "mm-test-2",
                            "machine_type": "n1-standard-8",
                            "metadata.%": "1",
                            "metadata.ssh_keys": "ssh-rsa AAAAB3NzaC1yc2EAAAADAQABAAABAQDNnDgVwmJFdIB+ymusr7bvPNEam99CGFxJ7z4ndT54HpV+gpacJA+sfvcKRww8Qe3MY4IsNQNx6bcwO10Wm4oletviiZb5BZGqR9uUmbtarXdlmH81me9QFl2qkW5I2z1QKSXZU2kJbaQrtbz/nnnNVtM0jGbFKkbpZZrvIgqVLghr8V8SHdHB5A4lacz6MbIrHnvH1rRnw0nO0vbwKvCrxIMGNx+GaYLnUcBXiZsJTa3xcrlwmHA7MNbCgdLa7V0I9mul+VKoIcDNUTAmSE34en1h/XEKJViTdBVPdyxI9xVCjtDCOdsrTSlBkQESnRfdMFVCxvChaPsv1SFHL3ST maxweaver@MacBook-Pro.local\n",
                            "metadata_fingerprint": "U_SVxoEOyNA=",
                            "name": "mm-test-2",
                            "network.#": "0",
                            "network_interface.#": "1",
                            "network_interface.0.access_config.#": "1",
                            "network_interface.0.access_config.0.assigned_nat_ip": "23.251.141.137",
                            "network_interface.0.access_config.0.nat_ip": "",
                            "network_interface.0.address": "10.240.0.5",
                            "network_interface.0.name": "nic0",
                            "network_interface.0.network": "default",
                            "network_interface.0.subnetwork": "",
                            "self_link": "https://www.googleapis.com/compute/v1/projects/infect-testing/zones/europe-west1-c/instances/mm-test-2",
                            "service_account.#": "0",
                            "tags.#": "2",
                            "tags.1651584327": "mesos-master",
                            "tags.2726894320": "mm",
                            "tags_fingerprint": "AkwA-2Xgs1A=",
                            "zone": "europe-west1-c"
                        },
                        "meta": {
                            "schema_version": "2"
                        },
                        "tainted": false
                    },
                    "deposed": [],
                    "provider": ""
                },
                "google_compute_instance.default.2": {
                    "type": "google_compute_instance",
                    "depends_on": [],
                    "primary": {
                        "id": "mm-test-3",
                        "attributes": {
                            "can_ip_forward": "false",
                            "disk.#": "1",
                            "disk.0.auto_delete": "true",
                            "disk.0.device_name": "",
                            "disk.0.disk": "",
                            "disk.0.image": "ubuntu-1604-xenial-v20161020",
                            "disk.0.scratch": "false",
                            "disk.0.size": "50",
                            "disk.0.type": "pd-standard",
                            "id": "mm-test-3",
                            "machine_type": "n1-standard-8",
                            "metadata.%": "1",
                            "metadata.ssh_keys": "ssh-rsa AAAAB3NzaC1yc2EAAAADAQABAAABAQDNnDgVwmJFdIB+ymusr7bvPNEam99CGFxJ7z4ndT54HpV+gpacJA+sfvcKRww8Qe3MY4IsNQNx6bcwO10Wm4oletviiZb5BZGqR9uUmbtarXdlmH81me9QFl2qkW5I2z1QKSXZU2kJbaQrtbz/nnnNVtM0jGbFKkbpZZrvIgqVLghr8V8SHdHB5A4lacz6MbIrHnvH1rRnw0nO0vbwKvCrxIMGNx+GaYLnUcBXiZsJTa3xcrlwmHA7MNbCgdLa7V0I9mul+VKoIcDNUTAmSE34en1h/XEKJViTdBVPdyxI9xVCjtDCOdsrTSlBkQESnRfdMFVCxvChaPsv1SFHL3ST maxweaver@MacBook-Pro.local\n",
                            "metadata_fingerprint": "U_SVxoEOyNA=",
                            "name": "mm-test-3",
                            "network.#": "0",
                            "network_interface.#": "1",
                            "network_interface.0.access_config.#": "1",
                            "network_interface.0.access_config.0.assigned_nat_ip": "146.148.23.155",
                            "network_interface.0.access_config.0.nat_ip": "",
                            "network_interface.0.address": "10.240.0.2",
                            "network_interface.0.name": "nic0",
                            "network_interface.0.network": "default",
                            "network_interface.0.subnetwork": "",
                            "self_link": "https://www.googleapis.com/compute/v1/projects/infect-testing/zones/europe-west1-c/instances/mm-test-3",
                            "service_account.#": "0",
                            "tags.#": "2",
                            "tags.1651584327": "mesos-master",
                            "tags.2726894320": "mm",
                            "tags_fingerprint": "AkwA-2Xgs1A=",
                            "zone": "europe-west1-c"
                        },
                        "meta": {
                            "schema_version": "2"
                        },
                        "tainted": false
                    },
                    "deposed": [],
                    "provider": ""
                },
                "google_compute_instance.mesos-slave.0": {
                    "type": "google_compute_instance",
                    "depends_on": [],
                    "primary": {
                        "id": "ms-test-1",
                        "attributes": {
                            "can_ip_forward": "false",
                            "disk.#": "1",
                            "disk.0.auto_delete": "true",
                            "disk.0.device_name": "",
                            "disk.0.disk": "",
                            "disk.0.image": "ubuntu-1604-xenial-v20161020",
                            "disk.0.scratch": "false",
                            "disk.0.size": "50",
                            "disk.0.type": "pd-standard",
                            "id": "ms-test-1",
                            "machine_type": "n1-standard-8",
                            "metadata.%": "0",
                            "metadata_fingerprint": "mpzX9mtlTlE=",
                            "name": "ms-test-1",
                            "network.#": "0",
                            "network_interface.#": "1",
                            "network_interface.0.access_config.#": "1",
                            "network_interface.0.access_config.0.assigned_nat_ip": "23.251.128.108",
                            "network_interface.0.access_config.0.nat_ip": "",
                            "network_interface.0.address": "10.240.0.6",
                            "network_interface.0.name": "nic0",
                            "network_interface.0.network": "default",
                            "network_interface.0.subnetwork": "",
                            "self_link": "https://www.googleapis.com/compute/v1/projects/infect-testing/zones/europe-west1-c/instances/ms-test-1",
                            "service_account.#": "0",
                            "tags.#": "2",
                            "tags.1485186963": "ms",
                            "tags.2742291626": "mesos-slave",
                            "tags_fingerprint": "IrkKyVfy3no=",
                            "zone": "europe-west1-c"
                        },
                        "meta": {
                            "schema_version": "2"
                        },
                        "tainted": false
                    },
                    "deposed": [],
                    "provider": ""
                },
                "google_compute_instance.mesos-slave.1": {
                    "type": "google_compute_instance",
                    "depends_on": [],
                    "primary": {
                        "id": "ms-test-2",
                        "attributes": {
                            "can_ip_forward": "false",
                            "disk.#": "1",
                            "disk.0.auto_delete": "true",
                            "disk.0.device_name": "",
                            "disk.0.disk": "",
                            "disk.0.image": "ubuntu-1604-xenial-v20161020",
                            "disk.0.scratch": "false",
                            "disk.0.size": "50",
                            "disk.0.type": "pd-standard",
                            "id": "ms-test-2",
                            "machine_type": "n1-standard-8",
                            "metadata.%": "0",
                            "metadata_fingerprint": "mpzX9mtlTlE=",
                            "name": "ms-test-2",
                            "network.#": "0",
                            "network_interface.#": "1",
                            "network_interface.0.access_config.#": "1",
                            "network_interface.0.access_config.0.assigned_nat_ip": "104.199.34.23",
                            "network_interface.0.access_config.0.nat_ip": "",
                            "network_interface.0.address": "10.240.0.3",
                            "network_interface.0.name": "nic0",
                            "network_interface.0.network": "default",
                            "network_interface.0.subnetwork": "",
                            "self_link": "https://www.googleapis.com/compute/v1/projects/infect-testing/zones/europe-west1-c/instances/ms-test-2",
                            "service_account.#": "0",
                            "tags.#": "2",
                            "tags.1485186963": "ms",
                            "tags.2742291626": "mesos-slave",
                            "tags_fingerprint": "IrkKyVfy3no=",
                            "zone": "europe-west1-c"
                        },
                        "meta": {
                            "schema_version": "2"
                        },
                        "tainted": false
                    },
                    "deposed": [],
                    "provider": ""
                },
                "google_compute_instance.mesos-slave.2": {
                    "type": "google_compute_instance",
                    "depends_on": [],
                    "primary": {
                        "id": "ms-test-3",
                        "attributes": {
                            "can_ip_forward": "false",
                            "disk.#": "1",
                            "disk.0.auto_delete": "true",
                            "disk.0.device_name": "",
                            "disk.0.disk": "",
                            "disk.0.image": "ubuntu-1604-xenial-v20161020",
                            "disk.0.scratch": "false",
                            "disk.0.size": "50",
                            "disk.0.type": "pd-standard",
                            "id": "ms-test-3",
                            "machine_type": "n1-standard-8",
                            "metadata.%": "0",
                            "metadata_fingerprint": "mpzX9mtlTlE=",
                            "name": "ms-test-3",
                            "network.#": "0",
                            "network_interface.#": "1",
                            "network_interface.0.access_config.#": "1",
                            "network_interface.0.access_config.0.assigned_nat_ip": "130.211.71.21",
                            "network_interface.0.access_config.0.nat_ip": "",
                            "network_interface.0.address": "10.240.0.7",
                            "network_interface.0.name": "nic0",
                            "network_interface.0.network": "default",
                            "network_interface.0.subnetwork": "",
                            "self_link": "https://www.googleapis.com/compute/v1/projects/infect-testing/zones/europe-west1-c/instances/ms-test-3",
                            "service_account.#": "0",
                            "tags.#": "2",
                            "tags.1485186963": "ms",
                            "tags.2742291626": "mesos-slave",
                            "tags_fingerprint": "IrkKyVfy3no=",
                            "zone": "europe-west1-c"
                        },
                        "meta": {
                            "schema_version": "2"
                        },
                        "tainted": false
                    },
                    "deposed": [],
                    "provider": ""
                },
                "google_compute_target_pool.default": {
                    "type": "google_compute_target_pool",
                    "depends_on": [
                        "google_compute_http_health_check.default",
                        "google_compute_instance.default",
                        "google_compute_instance.mesos-slave"
                    ],
                    "primary": {
                        "id": "mesos-target-pool",
                        "attributes": {
                            "backup_pool": "",
                            "description": "",
                            "failover_ratio": "0",
                            "health_checks.#": "1",
                            "health_checks.0": "mm-ms-basic-health-check",
                            "id": "mesos-target-pool",
                            "instances.#": "6",
                            "instances.0": "europe-west1-c/mm-test-1",
                            "instances.1": "europe-west1-c/mm-test-2",
                            "instances.2": "europe-west1-c/mm-test-3",
                            "instances.3": "europe-west1-c/ms-test-1",
                            "instances.4": "europe-west1-c/ms-test-2",
                            "instances.5": "europe-west1-c/ms-test-3",
                            "name": "mesos-target-pool",
                            "project": "infect-testing",
                            "region": "europe-west1",
                            "self_link": "https://www.googleapis.com/compute/v1/projects/infect-testing/regions/europe-west1/targetPools/mesos-target-pool",
                            "session_affinity": ""
                        },
                        "meta": {},
                        "tainted": false
                    },
                    "deposed": [],
                    "provider": ""
                }
            },
            "depends_on": []
        }
    ]
}
